
Microsoft Visual Studio Solution File, Format Version 12.00
# Visual Studio Version 16
VisualStudioVersion = 16.0.32106.194
MinimumVisualStudioVersion = 10.0.40219.1
Project("{FAE04EC0-301F-11D3-BF4B-00C04F79EFBC}") = "BlogCore", "BlogCore\BlogCore.csproj", "{8CB36132-C68F-4411-AB14-D99C7F7D4181}"
EndProject
Project("{FAE04EC0-301F-11D3-BF4B-00C04F79EFBC}") = "BlogCore.AccesoDatos", "BlogCore.AccesoDatos\BlogCore.AccesoDatos.csproj", "{0B24969F-86D3-4B35-9134-4DF545230DCD}"
EndProject
Project("{FAE04EC0-301F-11D3-BF4B-00C04F79EFBC}") = "BlogCore.Models", "BlogCore.Models\BlogCore.Models.csproj", "{5AEEB573-CFA0-4F7A-8FF4-7A48F3C7B6D2}"
EndProject
Project("{FAE04EC0-301F-11D3-BF4B-00C04F79EFBC}") = "BlogCore.Utilidades", "BlogCore.Utilidades\BlogCore.Utilidades.csproj", "{2BD77351-81D2-4FD5-AF70-02D0253AD8D4}"
EndProject
Global
	GlobalSection(SolutionConfigurationPlatforms) = preSolution
		Debug|Any CPU = Debug|Any CPU
		Release|Any CPU = Release|Any CPU
	EndGlobalSection
	GlobalSection(ProjectConfigurationPlatforms) = postSolution
		{8CB36132-C68F-4411-AB14-D99C7F7D4181}.Debug|Any CPU.ActiveCfg = Debug|Any CPU
		{8CB36132-C68F-4411-AB14-D99C7F7D4181}.Debug|Any CPU.Build.0 = Debug|Any CPU
		{8CB36132-C68F-4411-AB14-D99C7F7D4181}.Release|Any CPU.ActiveCfg = Release|Any CPU
		{8CB36132-C68F-4411-AB14-D99C7F7D4181}.Release|Any CPU.Build.0 = Release|Any CPU
		{0B24969F-86D3-4B35-9134-4DF545230DCD}.Debug|Any CPU.ActiveCfg = Debug|Any CPU
		{0B24969F-86D3-4B35-9134-4DF545230DCD}.Debug|Any CPU.Build.0 = Debug|Any CPU
		{0B24969F-86D3-4B35-9134-4DF545230DCD}.Release|Any CPU.ActiveCfg = Release|Any CPU
		{0B24969F-86D3-4B35-9134-4DF545230DCD}.Release|Any CPU.Build.0 = Release|Any CPU
		{5AEEB573-CFA0-4F7A-8FF4-7A48F3C7B6D2}.Debug|Any CPU.ActiveCfg = Debug|Any CPU
		{5AEEB573-CFA0-4F7A-8FF4-7A48F3C7B6D2}.Debug|Any CPU.Build.0 = Debug|Any CPU
		{5AEEB573-CFA0-4F7A-8FF4-7A48F3C7B6D2}.Release|Any CPU.ActiveCfg = Release|Any CPU
		{5AEEB573-CFA0-4F7A-8FF4-7A48F3C7B6D2}.Release|Any CPU.Build.0 = Release|Any CPU
		{2BD77351-81D2-4FD5-AF70-02D0253AD8D4}.Debug|Any CPU.ActiveCfg = Debug|Any CPU
		{2BD77351-81D2-4FD5-AF70-02D0253AD8D4}.Debug|Any CPU.Build.0 = Debug|Any CPU
		{2BD77351-81D2-4FD5-AF70-02D0253AD8D4}.Release|Any CPU.ActiveCfg = Release|Any CPU
		{2BD77351-81D2-4FD5-AF70-02D0253AD8D4}.Release|Any CPU.Build.0 = Release|Any CPU
	EndGlobalSection
	GlobalSection(SolutionProperties) = preSolution
		HideSolutionNode = FALSE
	EndGlobalSection
	GlobalSection(ExtensibilityGlobals) = postSolution
		SolutionGuid = {4ED285A2-04F9-47C8-A79C-1DB110D03B1B}
	EndGlobalSection
EndGlobal
